
Microsoft Visual Studio Solution File, Format Version 12.00
Project("{FAE04EC0-301F-11D3-BF4B-00C04F79EFBC}") = "BarHand.API", "BarHand.API\BarHand.API.csproj", "{BD499CCC-9F4D-4838-B1C2-BB32BE3AA262}"
EndProject
Global
	GlobalSection(SolutionConfigurationPlatforms) = preSolution
		Debug|Any CPU = Debug|Any CPU
		Release|Any CPU = Release|Any CPU
	EndGlobalSection
	GlobalSection(ProjectConfigurationPlatforms) = postSolution
		{BD499CCC-9F4D-4838-B1C2-BB32BE3AA262}.Debug|Any CPU.ActiveCfg = Debug|Any CPU
		{BD499CCC-9F4D-4838-B1C2-BB32BE3AA262}.Debug|Any CPU.Build.0 = Debug|Any CPU
		{BD499CCC-9F4D-4838-B1C2-BB32BE3AA262}.Release|Any CPU.ActiveCfg = Release|Any CPU
		{BD499CCC-9F4D-4838-B1C2-BB32BE3AA262}.Release|Any CPU.Build.0 = Release|Any CPU
	EndGlobalSection
EndGlobal
